lockfileVersion: '9.0'

settings:
  autoInstallPeers: false
  excludeLinksFromLockfile: false
  peersSuffixMaxLength: 40

patchedDependencies:
  '@node-loader/babel':
    hash: 9bf61ecb23d9565c61f9a052754edf141e78d9034976298b42f841e485a10902
    path: spikes/node-app/patches/@node-loader__babel.patch
  ember-source:
    hash: 926e8ee0dcae85aa01a39aa6c6110b2097336c2af58295a4448f534120d9649b
    path: spikes/node-app/patches/ember-source.patch

importers:

  .: {}
